// !$*UTF8*$!
{
	archiveVersion = 1;
	classes = {
	};
	objectVersion = 46;
	objects = {

/* Begin PBXBuildFile section */
		2618AE0116803F1900EC2E15 /* Carbon.framework in Frameworks */ = {isa = PBXBuildFile; fileRef = 2618AE0016803F1900EC2E15 /* Carbon.framework */; };
		263C2BA11677152500EF4792 /* Cocoa.framework in Frameworks */ = {isa = PBXBuildFile; fileRef = 263C2BA01677152500EF4792 /* Cocoa.framework */; };
		2666D13717E3104A0071A8BA /* Sparkle.framework in Frameworks */ = {isa = PBXBuildFile; fileRef = 2666D13617E3104A0071A8BA /* Sparkle.framework */; };
		2666D13917E310A20071A8BA /* Sparkle.framework in CopyFiles */ = {isa = PBXBuildFile; fileRef = 2666D13617E3104A0071A8BA /* Sparkle.framework */; };
		26A0087116771DA5006FD03A /* WebKit.framework in Frameworks */ = {isa = PBXBuildFile; fileRef = 26A0087016771DA5006FD03A /* WebKit.framework */; };
		26B5794C167A58CD0034D295 /* NSObject+SPInvocationGrabbing.m in Sources */ = {isa = PBXBuildFile; fileRef = 26B5793A167A58CD0034D295 /* NSObject+SPInvocationGrabbing.m */; };
		26B5794D167A58CD0034D295 /* SPMediaKeyTap.m in Sources */ = {isa = PBXBuildFile; fileRef = 26B5793C167A58CD0034D295 /* SPMediaKeyTap.m */; };
		3A6AE3A317613C9900D67ADC /* DHSwipeClipView.m in Sources */ = {isa = PBXBuildFile; fileRef = 3A6AE39E17613C9900D67ADC /* DHSwipeClipView.m */; };
		3A6AE3A417613C9900D67ADC /* DHSwipeIndicator.m in Sources */ = {isa = PBXBuildFile; fileRef = 3A6AE3A017613C9900D67ADC /* DHSwipeIndicator.m */; };
		3A6AE3A517613C9900D67ADC /* DHSwipeWebView.m in Sources */ = {isa = PBXBuildFile; fileRef = 3A6AE3A217613C9900D67ADC /* DHSwipeWebView.m */; };
		DF57E20E18C389C800ADAB2E /* beotsmusic.iconset in Resources */ = {isa = PBXBuildFile; fileRef = DF57E20D18C389C800ADAB2E /* beotsmusic.iconset */; };
		DF590B8A18C0E07900D0603C /* AppConstants.m in Sources */ = {isa = PBXBuildFile; fileRef = DF590B7418C0E07900D0603C /* AppConstants.m */; };
		DF590B8B18C0E07900D0603C /* AppDelegate.m in Sources */ = {isa = PBXBuildFile; fileRef = DF590B7618C0E07900D0603C /* AppDelegate.m */; };
		DF590B8D18C0E07900D0603C /* dsa_pub.pem in Resources */ = {isa = PBXBuildFile; fileRef = DF590B7918C0E07900D0603C /* dsa_pub.pem */; };
		DF590B8E18C0E07900D0603C /* Credits.rtf in Resources */ = {isa = PBXBuildFile; fileRef = DF590B7A18C0E07900D0603C /* Credits.rtf */; };
		DF590B8F18C0E07900D0603C /* InfoPlist.strings in Resources */ = {isa = PBXBuildFile; fileRef = DF590B7C18C0E07900D0603C /* InfoPlist.strings */; };
		DF590B9018C0E07900D0603C /* MainMenu.xib in Resources */ = {isa = PBXBuildFile; fileRef = DF590B7E18C0E07900D0603C /* MainMenu.xib */; };
		DF590B9118C0E07900D0603C /* LoginWindow.xib in Resources */ = {isa = PBXBuildFile; fileRef = DF590B8018C0E07900D0603C /* LoginWindow.xib */; };
		DF590B9218C0E07900D0603C /* main.m in Sources */ = {isa = PBXBuildFile; fileRef = DF590B8118C0E07900D0603C /* main.m */; };
		DF590B9318C0E07900D0603C /* PopupController.m in Sources */ = {isa = PBXBuildFile; fileRef = DF590B8318C0E07900D0603C /* PopupController.m */; };
		DF590B9418C0E07900D0603C /* BMCApplication.m in Sources */ = {isa = PBXBuildFile; fileRef = DF590B8518C0E07900D0603C /* BMCApplication.m */; };
		DF590B9518C0E07900D0603C /* UrlPrompt.xib in Resources */ = {isa = PBXBuildFile; fileRef = DF590B8618C0E07900D0603C /* UrlPrompt.xib */; };
		DF590B9618C0E07900D0603C /* UrlPromptController.m in Sources */ = {isa = PBXBuildFile; fileRef = DF590B8818C0E07900D0603C /* UrlPromptController.m */; };
		DF77A8CC192B8C940045BE66 /* DDHidAppleMikey.m in Sources */ = {isa = PBXBuildFile; fileRef = DF77A8BD192B8C930045BE66 /* DDHidAppleMikey.m */; settings = {COMPILER_FLAGS = "-fno-objc-arc"; }; };
		DF77A8CD192B8C940045BE66 /* DDHidDevice.m in Sources */ = {isa = PBXBuildFile; fileRef = DF77A8BF192B8C930045BE66 /* DDHidDevice.m */; settings = {COMPILER_FLAGS = "-fno-objc-arc"; }; };
		DF77A8CE192B8C940045BE66 /* DDHidElement.m in Sources */ = {isa = PBXBuildFile; fileRef = DF77A8C1192B8C940045BE66 /* DDHidElement.m */; settings = {COMPILER_FLAGS = "-fno-objc-arc"; }; };
		DF77A8CF192B8C940045BE66 /* DDHidEvent.m in Sources */ = {isa = PBXBuildFile; fileRef = DF77A8C3192B8C940045BE66 /* DDHidEvent.m */; settings = {COMPILER_FLAGS = "-fno-objc-arc"; }; };
		DF77A8D0192B8C940045BE66 /* DDHidQueue.m in Sources */ = {isa = PBXBuildFile; fileRef = DF77A8C5192B8C940045BE66 /* DDHidQueue.m */; settings = {COMPILER_FLAGS = "-fno-objc-arc"; }; };
		DF77A8D1192B8C940045BE66 /* DDHidUsage.m in Sources */ = {isa = PBXBuildFile; fileRef = DF77A8C7192B8C940045BE66 /* DDHidUsage.m */; settings = {COMPILER_FLAGS = "-fno-objc-arc"; }; };
		DF77A8D2192B8C940045BE66 /* NSDictionary+DDHidExtras.m in Sources */ = {isa = PBXBuildFile; fileRef = DF77A8C9192B8C940045BE66 /* NSDictionary+DDHidExtras.m */; settings = {COMPILER_FLAGS = "-fno-objc-arc"; }; };
		DF77A8D3192B8C940045BE66 /* NSXReturnThrowError.m in Sources */ = {isa = PBXBuildFile; fileRef = DF77A8CB192B8C940045BE66 /* NSXReturnThrowError.m */; settings = {COMPILER_FLAGS = "-fno-objc-arc"; }; };
		DF77A8D6192B8E690045BE66 /* IOKit.framework in Frameworks */ = {isa = PBXBuildFile; fileRef = DF77A8D5192B8E690045BE66 /* IOKit.framework */; };
/* End PBXBuildFile section */

/* Begin PBXCopyFilesBuildPhase section */
		2666D13817E3107A0071A8BA /* CopyFiles */ = {
			isa = PBXCopyFilesBuildPhase;
			buildActionMask = 2147483647;
			dstPath = "";
			dstSubfolderSpec = 10;
			files = (
				2666D13917E310A20071A8BA /* Sparkle.framework in CopyFiles */,
			);
			runOnlyForDeploymentPostprocessing = 0;
		};
/* End PBXCopyFilesBuildPhase section */

/* Begin PBXFileReference section */
		2618AE0016803F1900EC2E15 /* Carbon.framework */ = {isa = PBXFileReference; lastKnownFileType = wrapper.framework; name = Carbon.framework; path = System/Library/Frameworks/Carbon.framework; sourceTree = SDKROOT; };
		263C2B9C1677152500EF4792 /* BeotsMusic.app */ = {isa = PBXFileReference; explicitFileType = wrapper.application; includeInIndex = 0; path = BeotsMusic.app; sourceTree = BUILT_PRODUCTS_DIR; };
		263C2BA01677152500EF4792 /* Cocoa.framework */ = {isa = PBXFileReference; lastKnownFileType = wrapper.framework; name = Cocoa.framework; path = System/Library/Frameworks/Cocoa.framework; sourceTree = SDKROOT; };
		263C2BA31677152500EF4792 /* AppKit.framework */ = {isa = PBXFileReference; lastKnownFileType = wrapper.framework; name = AppKit.framework; path = System/Library/Frameworks/AppKit.framework; sourceTree = SDKROOT; };
		263C2BA41677152500EF4792 /* CoreData.framework */ = {isa = PBXFileReference; lastKnownFileType = wrapper.framework; name = CoreData.framework; path = System/Library/Frameworks/CoreData.framework; sourceTree = SDKROOT; };
		263C2BA51677152500EF4792 /* Foundation.framework */ = {isa = PBXFileReference; lastKnownFileType = wrapper.framework; name = Foundation.framework; path = System/Library/Frameworks/Foundation.framework; sourceTree = SDKROOT; };
		2666D13617E3104A0071A8BA /* Sparkle.framework */ = {isa = PBXFileReference; lastKnownFileType = wrapper.framework; path = Sparkle.framework; sourceTree = "<group>"; };
		26A0087016771DA5006FD03A /* WebKit.framework */ = {isa = PBXFileReference; lastKnownFileType = wrapper.framework; name = WebKit.framework; path = System/Library/Frameworks/WebKit.framework; sourceTree = SDKROOT; };
		26B57939167A58CD0034D295 /* NSObject+SPInvocationGrabbing.h */ = {isa = PBXFileReference; fileEncoding = 4; lastKnownFileType = sourcecode.c.h; path = "NSObject+SPInvocationGrabbing.h"; sourceTree = "<group>"; };
		26B5793A167A58CD0034D295 /* NSObject+SPInvocationGrabbing.m */ = {isa = PBXFileReference; fileEncoding = 4; lastKnownFileType = sourcecode.c.objc; path = "NSObject+SPInvocationGrabbing.m"; sourceTree = "<group>"; };
		26B5793B167A58CD0034D295 /* SPMediaKeyTap.h */ = {isa = PBXFileReference; fileEncoding = 4; lastKnownFileType = sourcecode.c.h; path = SPMediaKeyTap.h; sourceTree = "<group>"; };
		26B5793C167A58CD0034D295 /* SPMediaKeyTap.m */ = {isa = PBXFileReference; fileEncoding = 4; lastKnownFileType = sourcecode.c.objc; path = SPMediaKeyTap.m; sourceTree = "<group>"; };
		3A6AE39D17613C9900D67ADC /* DHSwipeClipView.h */ = {isa = PBXFileReference; fileEncoding = 4; lastKnownFileType = sourcecode.c.h; path = DHSwipeClipView.h; sourceTree = "<group>"; };
		3A6AE39E17613C9900D67ADC /* DHSwipeClipView.m */ = {isa = PBXFileReference; fileEncoding = 4; lastKnownFileType = sourcecode.c.objc; path = DHSwipeClipView.m; sourceTree = "<group>"; };
		3A6AE39F17613C9900D67ADC /* DHSwipeIndicator.h */ = {isa = PBXFileReference; fileEncoding = 4; lastKnownFileType = sourcecode.c.h; path = DHSwipeIndicator.h; sourceTree = "<group>"; };
		3A6AE3A017613C9900D67ADC /* DHSwipeIndicator.m */ = {isa = PBXFileReference; fileEncoding = 4; lastKnownFileType = sourcecode.c.objc; path = DHSwipeIndicator.m; sourceTree = "<group>"; };
		3A6AE3A117613C9900D67ADC /* DHSwipeWebView.h */ = {isa = PBXFileReference; fileEncoding = 4; lastKnownFileType = sourcecode.c.h; path = DHSwipeWebView.h; sourceTree = "<group>"; };
		3A6AE3A217613C9900D67ADC /* DHSwipeWebView.m */ = {isa = PBXFileReference; fileEncoding = 4; lastKnownFileType = sourcecode.c.objc; path = DHSwipeWebView.m; sourceTree = "<group>"; };
		DF57E20D18C389C800ADAB2E /* beotsmusic.iconset */ = {isa = PBXFileReference; lastKnownFileType = folder.iconset; path = beotsmusic.iconset; sourceTree = "<group>"; };
		DF590B7318C0E07900D0603C /* AppConstants.h */ = {isa = PBXFileReference; fileEncoding = 4; lastKnownFileType = sourcecode.c.h; path = AppConstants.h; sourceTree = "<group>"; };
		DF590B7418C0E07900D0603C /* AppConstants.m */ = {isa = PBXFileReference; fileEncoding = 4; lastKnownFileType = sourcecode.c.objc; path = AppConstants.m; sourceTree = "<group>"; };
		DF590B7518C0E07900D0603C /* AppDelegate.h */ = {isa = PBXFileReference; fileEncoding = 4; lastKnownFileType = sourcecode.c.h; path = AppDelegate.h; sourceTree = "<group>"; };
		DF590B7618C0E07900D0603C /* AppDelegate.m */ = {isa = PBXFileReference; explicitFileType = sourcecode.c.objc; fileEncoding = 4; path = AppDelegate.m; sourceTree = "<group>"; };
		DF590B7718C0E07900D0603C /* BeotsMusic-Info.plist */ = {isa = PBXFileReference; fileEncoding = 4; lastKnownFileType = text.plist.xml; path = "BeotsMusic-Info.plist"; sourceTree = "<group>"; };
		DF590B7818C0E07900D0603C /* BeotsMusic-Prefix.pch */ = {isa = PBXFileReference; fileEncoding = 4; lastKnownFileType = sourcecode.c.h; path = "BeotsMusic-Prefix.pch"; sourceTree = "<group>"; };
		DF590B7918C0E07900D0603C /* dsa_pub.pem */ = {isa = PBXFileReference; fileEncoding = 4; lastKnownFileType = text; path = dsa_pub.pem; sourceTree = "<group>"; };
		DF590B7B18C0E07900D0603C /* en */ = {isa = PBXFileReference; lastKnownFileType = text.rtf; name = en; path = en.lproj/Credits.rtf; sourceTree = "<group>"; };
		DF590B7D18C0E07900D0603C /* en */ = {isa = PBXFileReference; lastKnownFileType = text.plist.strings; name = en; path = en.lproj/InfoPlist.strings; sourceTree = "<group>"; };
		DF590B7F18C0E07900D0603C /* en */ = {isa = PBXFileReference; lastKnownFileType = file.xib; name = en; path = en.lproj/MainMenu.xib; sourceTree = "<group>"; };
		DF590B8018C0E07900D0603C /* LoginWindow.xib */ = {isa = PBXFileReference; fileEncoding = 4; lastKnownFileType = file.xib; path = LoginWindow.xib; sourceTree = "<group>"; };
		DF590B8118C0E07900D0603C /* main.m */ = {isa = PBXFileReference; fileEncoding = 4; lastKnownFileType = sourcecode.c.objc; path = main.m; sourceTree = "<group>"; };
		DF590B8218C0E07900D0603C /* PopupController.h */ = {isa = PBXFileReference; fileEncoding = 4; lastKnownFileType = sourcecode.c.h; path = PopupController.h; sourceTree = "<group>"; };
		DF590B8318C0E07900D0603C /* PopupController.m */ = {isa = PBXFileReference; fileEncoding = 4; lastKnownFileType = sourcecode.c.objc; path = PopupController.m; sourceTree = "<group>"; };
		DF590B8418C0E07900D0603C /* BMCApplication.h */ = {isa = PBXFileReference; fileEncoding = 4; lastKnownFileType = sourcecode.c.h; path = BMCApplication.h; sourceTree = "<group>"; };
		DF590B8518C0E07900D0603C /* BMCApplication.m */ = {isa = PBXFileReference; fileEncoding = 4; lastKnownFileType = sourcecode.c.objc; path = BMCApplication.m; sourceTree = "<group>"; };
		DF590B8618C0E07900D0603C /* UrlPrompt.xib */ = {isa = PBXFileReference; fileEncoding = 4; lastKnownFileType = file.xib; path = UrlPrompt.xib; sourceTree = "<group>"; };
		DF590B8718C0E07900D0603C /* UrlPromptController.h */ = {isa = PBXFileReference; fileEncoding = 4; lastKnownFileType = sourcecode.c.h; path = UrlPromptController.h; sourceTree = "<group>"; };
		DF590B8818C0E07900D0603C /* UrlPromptController.m */ = {isa = PBXFileReference; fileEncoding = 4; lastKnownFileType = sourcecode.c.objc; path = UrlPromptController.m; sourceTree = "<group>"; };
		DF77A8BC192B8C930045BE66 /* DDHidAppleMikey.h */ = {isa = PBXFileReference; fileEncoding = 4; lastKnownFileType = sourcecode.c.h; name = DDHidAppleMikey.h; path = DDHidLib/DDHidAppleMikey.h; sourceTree = "<group>"; };
		DF77A8BD192B8C930045BE66 /* DDHidAppleMikey.m */ = {isa = PBXFileReference; fileEncoding = 4; lastKnownFileType = sourcecode.c.objc; name = DDHidAppleMikey.m; path = DDHidLib/DDHidAppleMikey.m; sourceTree = "<group>"; };
		DF77A8BE192B8C930045BE66 /* DDHidDevice.h */ = {isa = PBXFileReference; fileEncoding = 4; lastKnownFileType = sourcecode.c.h; name = DDHidDevice.h; path = DDHidLib/DDHidDevice.h; sourceTree = "<group>"; };
		DF77A8BF192B8C930045BE66 /* DDHidDevice.m */ = {isa = PBXFileReference; fileEncoding = 4; lastKnownFileType = sourcecode.c.objc; name = DDHidDevice.m; path = DDHidLib/DDHidDevice.m; sourceTree = "<group>"; };
		DF77A8C0192B8C940045BE66 /* DDHidElement.h */ = {isa = PBXFileReference; fileEncoding = 4; lastKnownFileType = sourcecode.c.h; name = DDHidElement.h; path = DDHidLib/DDHidElement.h; sourceTree = "<group>"; };
		DF77A8C1192B8C940045BE66 /* DDHidElement.m */ = {isa = PBXFileReference; fileEncoding = 4; lastKnownFileType = sourcecode.c.objc; name = DDHidElement.m; path = DDHidLib/DDHidElement.m; sourceTree = "<group>"; };
		DF77A8C2192B8C940045BE66 /* DDHidEvent.h */ = {isa = PBXFileReference; fileEncoding = 4; lastKnownFileType = sourcecode.c.h; name = DDHidEvent.h; path = DDHidLib/DDHidEvent.h; sourceTree = "<group>"; };
		DF77A8C3192B8C940045BE66 /* DDHidEvent.m */ = {isa = PBXFileReference; fileEncoding = 4; lastKnownFileType = sourcecode.c.objc; name = DDHidEvent.m; path = DDHidLib/DDHidEvent.m; sourceTree = "<group>"; };
		DF77A8C4192B8C940045BE66 /* DDHidQueue.h */ = {isa = PBXFileReference; fileEncoding = 4; lastKnownFileType = sourcecode.c.h; name = DDHidQueue.h; path = DDHidLib/DDHidQueue.h; sourceTree = "<group>"; };
		DF77A8C5192B8C940045BE66 /* DDHidQueue.m */ = {isa = PBXFileReference; fileEncoding = 4; lastKnownFileType = sourcecode.c.objc; name = DDHidQueue.m; path = DDHidLib/DDHidQueue.m; sourceTree = "<group>"; };
		DF77A8C6192B8C940045BE66 /* DDHidUsage.h */ = {isa = PBXFileReference; fileEncoding = 4; lastKnownFileType = sourcecode.c.h; name = DDHidUsage.h; path = DDHidLib/DDHidUsage.h; sourceTree = "<group>"; };
		DF77A8C7192B8C940045BE66 /* DDHidUsage.m */ = {isa = PBXFileReference; fileEncoding = 4; lastKnownFileType = sourcecode.c.objc; name = DDHidUsage.m; path = DDHidLib/DDHidUsage.m; sourceTree = "<group>"; };
		DF77A8C8192B8C940045BE66 /* NSDictionary+DDHidExtras.h */ = {isa = PBXFileReference; fileEncoding = 4; lastKnownFileType = sourcecode.c.h; name = "NSDictionary+DDHidExtras.h"; path = "DDHidLib/NSDictionary+DDHidExtras.h"; sourceTree = "<group>"; };
		DF77A8C9192B8C940045BE66 /* NSDictionary+DDHidExtras.m */ = {isa = PBXFileReference; fileEncoding = 4; lastKnownFileType = sourcecode.c.objc; name = "NSDictionary+DDHidExtras.m"; path = "DDHidLib/NSDictionary+DDHidExtras.m"; sourceTree = "<group>"; };
		DF77A8CA192B8C940045BE66 /* NSXReturnThrowError.h */ = {isa = PBXFileReference; fileEncoding = 4; lastKnownFileType = sourcecode.c.h; name = NSXReturnThrowError.h; path = DDHidLib/NSXReturnThrowError.h; sourceTree = "<group>"; };
		DF77A8CB192B8C940045BE66 /* NSXReturnThrowError.m */ = {isa = PBXFileReference; fileEncoding = 4; lastKnownFileType = sourcecode.c.objc; name = NSXReturnThrowError.m; path = DDHidLib/NSXReturnThrowError.m; sourceTree = "<group>"; };
		DF77A8D5192B8E690045BE66 /* IOKit.framework */ = {isa = PBXFileReference; lastKnownFileType = wrapper.framework; name = IOKit.framework; path = System/Library/Frameworks/IOKit.framework; sourceTree = SDKROOT; };
/* End PBXFileReference section */

/* Begin PBXFrameworksBuildPhase section */
		263C2B991677152500EF4792 /* Frameworks */ = {
			isa = PBXFrameworksBuildPhase;
			buildActionMask = 2147483647;
			files = (
				DF77A8D6192B8E690045BE66 /* IOKit.framework in Frameworks */,
				2618AE0116803F1900EC2E15 /* Carbon.framework in Frameworks */,
				26A0087116771DA5006FD03A /* WebKit.framework in Frameworks */,
				263C2BA11677152500EF4792 /* Cocoa.framework in Frameworks */,
				2666D13717E3104A0071A8BA /* Sparkle.framework in Frameworks */,
			);
			runOnlyForDeploymentPostprocessing = 0;
		};
/* End PBXFrameworksBuildPhase section */

/* Begin PBXGroup section */
		263C2B911677152500EF4792 = {
			isa = PBXGroup;
			children = (
				DF590B7118C0E07900D0603C /* BeotsMusic */,
				3A6AE39C17613C9900D67ADC /* DHSwipeWebView */,
				26B57925167A58CD0034D295 /* SPMediaKeyTap */,
				DF77A8D4192B8C980045BE66 /* DDHidLib */,
				263C2B9F1677152500EF4792 /* Frameworks */,
				263C2B9D1677152500EF4792 /* Products */,
				DF57E20D18C389C800ADAB2E /* beotsmusic.iconset */,
			);
			sourceTree = "<group>";
		};
		263C2B9D1677152500EF4792 /* Products */ = {
			isa = PBXGroup;
			children = (
				263C2B9C1677152500EF4792 /* BeotsMusic.app */,
			);
			name = Products;
			sourceTree = "<group>";
		};
		263C2B9F1677152500EF4792 /* Frameworks */ = {
			isa = PBXGroup;
			children = (
				DF77A8D5192B8E690045BE66 /* IOKit.framework */,
				2666D13617E3104A0071A8BA /* Sparkle.framework */,
				2618AE0016803F1900EC2E15 /* Carbon.framework */,
				263C2BA01677152500EF4792 /* Cocoa.framework */,
				263C2BA21677152500EF4792 /* Other Frameworks */,
				26A0087016771DA5006FD03A /* WebKit.framework */,
			);
			name = Frameworks;
			sourceTree = "<group>";
		};
		263C2BA21677152500EF4792 /* Other Frameworks */ = {
			isa = PBXGroup;
			children = (
				263C2BA31677152500EF4792 /* AppKit.framework */,
				263C2BA41677152500EF4792 /* CoreData.framework */,
				263C2BA51677152500EF4792 /* Foundation.framework */,
			);
			name = "Other Frameworks";
			sourceTree = "<group>";
		};
		26B57925167A58CD0034D295 /* SPMediaKeyTap */ = {
			isa = PBXGroup;
			children = (
				26B57935167A58CD0034D295 /* SPInvocationGrabbing */,
				26B5793B167A58CD0034D295 /* SPMediaKeyTap.h */,
				26B5793C167A58CD0034D295 /* SPMediaKeyTap.m */,
			);
			path = SPMediaKeyTap;
			sourceTree = "<group>";
		};
		26B57935167A58CD0034D295 /* SPInvocationGrabbing */ = {
			isa = PBXGroup;
			children = (
				26B57939167A58CD0034D295 /* NSObject+SPInvocationGrabbing.h */,
				26B5793A167A58CD0034D295 /* NSObject+SPInvocationGrabbing.m */,
			);
			path = SPInvocationGrabbing;
			sourceTree = "<group>";
		};
		3A6AE39C17613C9900D67ADC /* DHSwipeWebView */ = {
			isa = PBXGroup;
			children = (
				3A6AE39D17613C9900D67ADC /* DHSwipeClipView.h */,
				3A6AE39E17613C9900D67ADC /* DHSwipeClipView.m */,
				3A6AE39F17613C9900D67ADC /* DHSwipeIndicator.h */,
				3A6AE3A017613C9900D67ADC /* DHSwipeIndicator.m */,
				3A6AE3A117613C9900D67ADC /* DHSwipeWebView.h */,
				3A6AE3A217613C9900D67ADC /* DHSwipeWebView.m */,
			);
			path = DHSwipeWebView;
			sourceTree = SOURCE_ROOT;
		};
		DF590B7118C0E07900D0603C /* BeotsMusic */ = {
			isa = PBXGroup;
			children = (
				DF590B7318C0E07900D0603C /* AppConstants.h */,
				DF590B7418C0E07900D0603C /* AppConstants.m */,
				DF590B7518C0E07900D0603C /* AppDelegate.h */,
				DF590B7618C0E07900D0603C /* AppDelegate.m */,
				DF590B7718C0E07900D0603C /* BeotsMusic-Info.plist */,
				DF590B7818C0E07900D0603C /* BeotsMusic-Prefix.pch */,
				DF590B7918C0E07900D0603C /* dsa_pub.pem */,
				DF590B7A18C0E07900D0603C /* Credits.rtf */,
				DF590B7C18C0E07900D0603C /* InfoPlist.strings */,
				DF590B7E18C0E07900D0603C /* MainMenu.xib */,
				DF590B8018C0E07900D0603C /* LoginWindow.xib */,
				DF590B8118C0E07900D0603C /* main.m */,
				DF590B8218C0E07900D0603C /* PopupController.h */,
				DF590B8318C0E07900D0603C /* PopupController.m */,
				DF590B8418C0E07900D0603C /* BMCApplication.h */,
				DF590B8518C0E07900D0603C /* BMCApplication.m */,
				DF590B8618C0E07900D0603C /* UrlPrompt.xib */,
				DF590B8718C0E07900D0603C /* UrlPromptController.h */,
				DF590B8818C0E07900D0603C /* UrlPromptController.m */,
			);
			path = BeotsMusic;
			sourceTree = "<group>";
		};
		DF77A8D4192B8C980045BE66 /* DDHidLib */ = {
			isa = PBXGroup;
			children = (
				DF77A8BC192B8C930045BE66 /* DDHidAppleMikey.h */,
				DF77A8BD192B8C930045BE66 /* DDHidAppleMikey.m */,
				DF77A8BE192B8C930045BE66 /* DDHidDevice.h */,
				DF77A8BF192B8C930045BE66 /* DDHidDevice.m */,
				DF77A8C0192B8C940045BE66 /* DDHidElement.h */,
				DF77A8C1192B8C940045BE66 /* DDHidElement.m */,
				DF77A8C2192B8C940045BE66 /* DDHidEvent.h */,
				DF77A8C3192B8C940045BE66 /* DDHidEvent.m */,
				DF77A8C4192B8C940045BE66 /* DDHidQueue.h */,
				DF77A8C5192B8C940045BE66 /* DDHidQueue.m */,
				DF77A8C6192B8C940045BE66 /* DDHidUsage.h */,
				DF77A8C7192B8C940045BE66 /* DDHidUsage.m */,
				DF77A8C8192B8C940045BE66 /* NSDictionary+DDHidExtras.h */,
				DF77A8C9192B8C940045BE66 /* NSDictionary+DDHidExtras.m */,
				DF77A8CA192B8C940045BE66 /* NSXReturnThrowError.h */,
				DF77A8CB192B8C940045BE66 /* NSXReturnThrowError.m */,
			);
			name = DDHidLib;
			sourceTree = "<group>";
		};
/* End PBXGroup section */

/* Begin PBXNativeTarget section */
		263C2B9B1677152500EF4792 /* BeotsMusic */ = {
			isa = PBXNativeTarget;
			buildConfigurationList = 263C2BBA1677152500EF4792 /* Build configuration list for PBXNativeTarget "BeotsMusic" */;
			buildPhases = (
				263C2B981677152500EF4792 /* Sources */,
				263C2B991677152500EF4792 /* Frameworks */,
				263C2B9A1677152500EF4792 /* Resources */,
				2666D13817E3107A0071A8BA /* CopyFiles */,
			);
			buildRules = (
			);
			dependencies = (
			);
			name = BeotsMusic;
			productName = BeotsMusic;
			productReference = 263C2B9C1677152500EF4792 /* BeotsMusic.app */;
			productType = "com.apple.product-type.application";
		};
/* End PBXNativeTarget section */

/* Begin PBXProject section */
		263C2B931677152500EF4792 /* Project object */ = {
			isa = PBXProject;
			attributes = {
				LastUpgradeCheck = 0500;
				ORGANIZATIONNAME = "Márton Salomváry";
			};
			buildConfigurationList = 263C2B961677152500EF4792 /* Build configuration list for PBXProject "BeotsMusic" */;
			compatibilityVersion = "Xcode 3.2";
			developmentRegion = English;
			hasScannedForEncodings = 0;
			knownRegions = (
				en,
				English,
			);
			mainGroup = 263C2B911677152500EF4792;
			productRefGroup = 263C2B9D1677152500EF4792 /* Products */;
			projectDirPath = "";
			projectRoot = "";
			targets = (
				263C2B9B1677152500EF4792 /* BeotsMusic */,
			);
		};
/* End PBXProject section */

/* Begin PBXResourcesBuildPhase section */
		263C2B9A1677152500EF4792 /* Resources */ = {
			isa = PBXResourcesBuildPhase;
			buildActionMask = 2147483647;
			files = (
				DF57E20E18C389C800ADAB2E /* beotsmusic.iconset in Resources */,
				DF590B9118C0E07900D0603C /* LoginWindow.xib in Resources */,
				DF590B8D18C0E07900D0603C /* dsa_pub.pem in Resources */,
				DF590B9518C0E07900D0603C /* UrlPrompt.xib in Resources */,
				DF590B8E18C0E07900D0603C /* Credits.rtf in Resources */,
				DF590B8F18C0E07900D0603C /* InfoPlist.strings in Resources */,
				DF590B9018C0E07900D0603C /* MainMenu.xib in Resources */,
			);
			runOnlyForDeploymentPostprocessing = 0;
		};
/* End PBXResourcesBuildPhase section */

/* Begin PBXSourcesBuildPhase section */
		263C2B981677152500EF4792 /* Sources */ = {
			isa = PBXSourcesBuildPhase;
			buildActionMask = 2147483647;
			files = (
				DF77A8D3192B8C940045BE66 /* NSXReturnThrowError.m in Sources */,
				26B5794C167A58CD0034D295 /* NSObject+SPInvocationGrabbing.m in Sources */,
				DF77A8D2192B8C940045BE66 /* NSDictionary+DDHidExtras.m in Sources */,
				DF590B8A18C0E07900D0603C /* AppConstants.m in Sources */,
				DF77A8CE192B8C940045BE66 /* DDHidElement.m in Sources */,
				DF77A8CC192B8C940045BE66 /* DDHidAppleMikey.m in Sources */,
				DF77A8D1192B8C940045BE66 /* DDHidUsage.m in Sources */,
				26B5794D167A58CD0034D295 /* SPMediaKeyTap.m in Sources */,
				DF590B8B18C0E07900D0603C /* AppDelegate.m in Sources */,
				3A6AE3A317613C9900D67ADC /* DHSwipeClipView.m in Sources */,
				3A6AE3A417613C9900D67ADC /* DHSwipeIndicator.m in Sources */,
				DF590B9418C0E07900D0603C /* BMCApplication.m in Sources */,
				DF77A8D0192B8C940045BE66 /* DDHidQueue.m in Sources */,
				DF77A8CF192B8C940045BE66 /* DDHidEvent.m in Sources */,
				DF590B9218C0E07900D0603C /* main.m in Sources */,
				DF590B9618C0E07900D0603C /* UrlPromptController.m in Sources */,
				DF590B9318C0E07900D0603C /* PopupController.m in Sources */,
				DF77A8CD192B8C940045BE66 /* DDHidDevice.m in Sources */,
				3A6AE3A517613C9900D67ADC /* DHSwipeWebView.m in Sources */,
			);
			runOnlyForDeploymentPostprocessing = 0;
		};
/* End PBXSourcesBuildPhase section */

/* Begin PBXVariantGroup section */
		DF590B7A18C0E07900D0603C /* Credits.rtf */ = {
			isa = PBXVariantGroup;
			children = (
				DF590B7B18C0E07900D0603C /* en */,
			);
			name = Credits.rtf;
			sourceTree = "<group>";
		};
		DF590B7C18C0E07900D0603C /* InfoPlist.strings */ = {
			isa = PBXVariantGroup;
			children = (
				DF590B7D18C0E07900D0603C /* en */,
			);
			name = InfoPlist.strings;
			sourceTree = "<group>";
		};
		DF590B7E18C0E07900D0603C /* MainMenu.xib */ = {
			isa = PBXVariantGroup;
			children = (
				DF590B7F18C0E07900D0603C /* en */,
			);
			name = MainMenu.xib;
			sourceTree = "<group>";
		};
/* End PBXVariantGroup section */

/* Begin XCBuildConfiguration section */
		263C2BB81677152500EF4792 /* Debug */ = {
			isa = XCBuildConfiguration;
			buildSettings = {
				ALWAYS_SEARCH_USER_PATHS = NO;
				CLANG_CXX_LANGUAGE_STANDARD = "gnu++0x";
				CLANG_CXX_LIBRARY = "libc++";
				CLANG_ENABLE_OBJC_ARC = YES;
				CLANG_WARN_EMPTY_BODY = YES;
				CLANG_WARN__DUPLICATE_METHOD_MATCH = YES;
				COPY_PHASE_STRIP = NO;
				GCC_C_LANGUAGE_STANDARD = gnu99;
				GCC_DYNAMIC_NO_PIC = NO;
				GCC_ENABLE_OBJC_EXCEPTIONS = YES;
				GCC_OPTIMIZATION_LEVEL = 0;
				GCC_PREPROCESSOR_DEFINITIONS = (
					"DEBUG=1",
					"$(inherited)",
				);
				GCC_SYMBOLS_PRIVATE_EXTERN = NO;
				GCC_WARN_64_TO_32_BIT_CONVERSION = YES;
				GCC_WARN_ABOUT_RETURN_TYPE = YES;
				GCC_WARN_UNINITIALIZED_AUTOS = YES;
				GCC_WARN_UNUSED_VARIABLE = YES;
				MACOSX_DEPLOYMENT_TARGET = 10.7;
				ONLY_ACTIVE_ARCH = YES;
				SDKROOT = macosx;
			};
			name = Debug;
		};
		263C2BB91677152500EF4792 /* Release */ = {
			isa = XCBuildConfiguration;
			buildSettings = {
				ALWAYS_SEARCH_USER_PATHS = NO;
				CLANG_CXX_LANGUAGE_STANDARD = "gnu++0x";
				CLANG_CXX_LIBRARY = "libc++";
				CLANG_ENABLE_OBJC_ARC = YES;
				CLANG_WARN_EMPTY_BODY = YES;
				CLANG_WARN__DUPLICATE_METHOD_MATCH = YES;
				COPY_PHASE_STRIP = YES;
				DEBUG_INFORMATION_FORMAT = "dwarf-with-dsym";
				GCC_C_LANGUAGE_STANDARD = gnu99;
				GCC_ENABLE_OBJC_EXCEPTIONS = YES;
				GCC_WARN_64_TO_32_BIT_CONVERSION = YES;
				GCC_WARN_ABOUT_RETURN_TYPE = YES;
				GCC_WARN_UNINITIALIZED_AUTOS = YES;
				GCC_WARN_UNUSED_VARIABLE = YES;
				MACOSX_DEPLOYMENT_TARGET = 10.7;
				SDKROOT = macosx;
			};
			name = Release;
		};
		263C2BBB1677152500EF4792 /* Debug */ = {
			isa = XCBuildConfiguration;
			buildSettings = {
				COMBINE_HIDPI_IMAGES = YES;
				FRAMEWORK_SEARCH_PATHS = (
					"$(inherited)",
					"\"$(SRCROOT)\"",
				);
				GCC_PRECOMPILE_PREFIX_HEADER = YES;
				GCC_PREFIX_HEADER = "BeotsMusic/BeotsMusic-Prefix.pch";
				INFOPLIST_FILE = "$(SRCROOT)/BeotsMusic/BeotsMusic-Info.plist";
				MACOSX_DEPLOYMENT_TARGET = 10.7;
				PRODUCT_NAME = BeotsMusic;
				SDKROOT = macosx;
				WRAPPER_EXTENSION = app;
			};
			name = Debug;
		};
		263C2BBC1677152500EF4792 /* Release */ = {
			isa = XCBuildConfiguration;
			buildSettings = {
				COMBINE_HIDPI_IMAGES = YES;
				FRAMEWORK_SEARCH_PATHS = (
					"$(inherited)",
					"\"$(SRCROOT)\"",
				);
				GCC_PRECOMPILE_PREFIX_HEADER = YES;
				GCC_PREFIX_HEADER = "BeotsMusic/BeotsMusic-Prefix.pch";
				INFOPLIST_FILE = "$(SRCROOT)/BeotsMusic/BeotsMusic-Info.plist";
				MACOSX_DEPLOYMENT_TARGET = 10.7;
				PRODUCT_NAME = BeotsMusic;
				SDKROOT = macosx;
				WRAPPER_EXTENSION = app;
			};
			name = Release;
		};
/* End XCBuildConfiguration section */

/* Begin XCConfigurationList section */
		263C2B961677152500EF4792 /* Build configuration list for PBXProject "BeotsMusic" */ = {
			isa = XCConfigurationList;
			buildConfigurations = (
				263C2BB81677152500EF4792 /* Debug */,
				263C2BB91677152500EF4792 /* Release */,
			);
			defaultConfigurationIsVisible = 0;
			defaultConfigurationName = Release;
		};
		263C2BBA1677152500EF4792 /* Build configuration list for PBXNativeTarget "BeotsMusic" */ = {
			isa = XCConfigurationList;
			buildConfigurations = (
				263C2BBB1677152500EF4792 /* Debug */,
				263C2BBC1677152500EF4792 /* Release */,
			);
			defaultConfigurationIsVisible = 0;
			defaultConfigurationName = Release;
		};
/* End XCConfigurationList section */
	};
	rootObject = 263C2B931677152500EF4792 /* Project object */;
}
