// !$*UTF8*$!
{
	archiveVersion = 1;
	classes = {
	};
	objectVersion = 46;
	objects = {

/* Begin PBXBuildFile section */
		26115150168B3A0E00F1566F /* LoginWindow.xib in Resources */ = {isa = PBXBuildFile; fileRef = 2611514F168B3A0E00F1566F /* LoginWindow.xib */; };
		2618AE0116803F1900EC2E15 /* Carbon.framework in Frameworks */ = {isa = PBXBuildFile; fileRef = 2618AE0016803F1900EC2E15 /* Carbon.framework */; };
		2618AE0816806FC500EC2E15 /* soundcleod.iconset in Resources */ = {isa = PBXBuildFile; fileRef = 2618AE0716806FC500EC2E15 /* soundcleod.iconset */; };
		2624EBA416A81FA100490144 /* UrlPromptController.m in Sources */ = {isa = PBXBuildFile; fileRef = 2624EBA316A81FA100490144 /* UrlPromptController.m */; };
		2624EBA716A821B100490144 /* UrlPrompt.xib in Resources */ = {isa = PBXBuildFile; fileRef = 2624EBA616A821B100490144 /* UrlPrompt.xib */; };
		2624EBAC16A82EF100490144 /* AppConstants.m in Sources */ = {isa = PBXBuildFile; fileRef = 2624EBAB16A82EF100490144 /* AppConstants.m */; };
		263C2BA11677152500EF4792 /* Cocoa.framework in Frameworks */ = {isa = PBXBuildFile; fileRef = 263C2BA01677152500EF4792 /* Cocoa.framework */; };
		2666D13717E3104A0071A8BA /* Sparkle.framework in Frameworks */ = {isa = PBXBuildFile; fileRef = 2666D13617E3104A0071A8BA /* Sparkle.framework */; };
		2666D13917E310A20071A8BA /* Sparkle.framework in CopyFiles */ = {isa = PBXBuildFile; fileRef = 2666D13617E3104A0071A8BA /* Sparkle.framework */; settings = {ATTRIBUTES = (CodeSignOnCopy, ); }; };
		26A0087116771DA5006FD03A /* WebKit.framework in Frameworks */ = {isa = PBXBuildFile; fileRef = 26A0087016771DA5006FD03A /* WebKit.framework */; };
		26B5794C167A58CD0034D295 /* NSObject+SPInvocationGrabbing.m in Sources */ = {isa = PBXBuildFile; fileRef = 26B5793A167A58CD0034D295 /* NSObject+SPInvocationGrabbing.m */; };
		26B5794D167A58CD0034D295 /* SPMediaKeyTap.m in Sources */ = {isa = PBXBuildFile; fileRef = 26B5793C167A58CD0034D295 /* SPMediaKeyTap.m */; };
		26FF310C1680734B0091448C /* AppDelegate.m in Sources */ = {isa = PBXBuildFile; fileRef = 26FF31001680734B0091448C /* AppDelegate.m */; };
		26FF310D1680734B0091448C /* Credits.rtf in Resources */ = {isa = PBXBuildFile; fileRef = 26FF31011680734B0091448C /* Credits.rtf */; };
		26FF310E1680734B0091448C /* InfoPlist.strings in Resources */ = {isa = PBXBuildFile; fileRef = 26FF31031680734B0091448C /* InfoPlist.strings */; };
		26FF310F1680734B0091448C /* MainMenu.xib in Resources */ = {isa = PBXBuildFile; fileRef = 26FF31051680734B0091448C /* MainMenu.xib */; };
		26FF31101680734B0091448C /* main.m in Sources */ = {isa = PBXBuildFile; fileRef = 26FF31071680734B0091448C /* main.m */; };
		26FF31111680734B0091448C /* PopupController.m in Sources */ = {isa = PBXBuildFile; fileRef = 26FF31091680734B0091448C /* PopupController.m */; };
		3A295065175FDF560038B28C /* SCDApplication.m in Sources */ = {isa = PBXBuildFile; fileRef = 3A295064175FDF560038B28C /* SCDApplication.m */; };
		5DC7C72219D405D50007FE30 /* NSURL+SCUtils.m in Sources */ = {isa = PBXBuildFile; fileRef = 5DC7C72119D405D50007FE30 /* NSURL+SCUtils.m */; };
		DF1AA32319F64CC1008618E4 /* sound_up.m in Sources */ = {isa = PBXBuildFile; fileRef = DF1AA32219F64CC1008618E4 /* sound_up.m */; };
		DF1AA32619F64CF9008618E4 /* AppleMikeyManager.m in Sources */ = {isa = PBXBuildFile; fileRef = DF1AA32519F64CF9008618E4 /* AppleMikeyManager.m */; };
		DF1AA32819F6513C008618E4 /* IOKit.framework in Frameworks */ = {isa = PBXBuildFile; fileRef = DF1AA32719F6513C008618E4 /* IOKit.framework */; };
/* End PBXBuildFile section */

/* Begin PBXCopyFilesBuildPhase section */
		2666D13817E3107A0071A8BA /* CopyFiles */ = {
			isa = PBXCopyFilesBuildPhase;
			buildActionMask = 2147483647;
			dstPath = "";
			dstSubfolderSpec = 10;
			files = (
				2666D13917E310A20071A8BA /* Sparkle.framework in CopyFiles */,
			);
			runOnlyForDeploymentPostprocessing = 0;
		};
/* End PBXCopyFilesBuildPhase section */

/* Begin PBXFileReference section */
		2611514F168B3A0E00F1566F /* LoginWindow.xib */ = {isa = PBXFileReference; fileEncoding = 4; lastKnownFileType = file.xib; path = LoginWindow.xib; sourceTree = "<group>"; };
		2618AE0016803F1900EC2E15 /* Carbon.framework */ = {isa = PBXFileReference; lastKnownFileType = wrapper.framework; name = Carbon.framework; path = System/Library/Frameworks/Carbon.framework; sourceTree = SDKROOT; };
		2618AE0716806FC500EC2E15 /* soundcleod.iconset */ = {isa = PBXFileReference; lastKnownFileType = folder.iconset; path = soundcleod.iconset; sourceTree = "<group>"; };
		2624EBA216A81FA100490144 /* UrlPromptController.h */ = {isa = PBXFileReference; fileEncoding = 4; lastKnownFileType = sourcecode.c.h; path = UrlPromptController.h; sourceTree = "<group>"; };
		2624EBA316A81FA100490144 /* UrlPromptController.m */ = {isa = PBXFileReference; fileEncoding = 4; lastKnownFileType = sourcecode.c.objc; path = UrlPromptController.m; sourceTree = "<group>"; };
		2624EBA616A821B100490144 /* UrlPrompt.xib */ = {isa = PBXFileReference; fileEncoding = 4; lastKnownFileType = file.xib; path = UrlPrompt.xib; sourceTree = "<group>"; };
		2624EBA816A82B2400490144 /* AppConstants.h */ = {isa = PBXFileReference; lastKnownFileType = sourcecode.c.h; path = AppConstants.h; sourceTree = "<group>"; };
		2624EBAB16A82EF100490144 /* AppConstants.m */ = {isa = PBXFileReference; fileEncoding = 4; lastKnownFileType = sourcecode.c.objc; path = AppConstants.m; sourceTree = "<group>"; };
		263C2B9C1677152500EF4792 /* SoundCleod.app */ = {isa = PBXFileReference; explicitFileType = wrapper.application; includeInIndex = 0; path = SoundCleod.app; sourceTree = BUILT_PRODUCTS_DIR; };
		263C2BA01677152500EF4792 /* Cocoa.framework */ = {isa = PBXFileReference; lastKnownFileType = wrapper.framework; name = Cocoa.framework; path = System/Library/Frameworks/Cocoa.framework; sourceTree = SDKROOT; };
		263C2BA31677152500EF4792 /* AppKit.framework */ = {isa = PBXFileReference; lastKnownFileType = wrapper.framework; name = AppKit.framework; path = System/Library/Frameworks/AppKit.framework; sourceTree = SDKROOT; };
		263C2BA41677152500EF4792 /* CoreData.framework */ = {isa = PBXFileReference; lastKnownFileType = wrapper.framework; name = CoreData.framework; path = System/Library/Frameworks/CoreData.framework; sourceTree = SDKROOT; };
		263C2BA51677152500EF4792 /* Foundation.framework */ = {isa = PBXFileReference; lastKnownFileType = wrapper.framework; name = Foundation.framework; path = System/Library/Frameworks/Foundation.framework; sourceTree = SDKROOT; };
		2666D13617E3104A0071A8BA /* Sparkle.framework */ = {isa = PBXFileReference; lastKnownFileType = wrapper.framework; path = Sparkle.framework; sourceTree = "<group>"; };
		26A0087016771DA5006FD03A /* WebKit.framework */ = {isa = PBXFileReference; lastKnownFileType = wrapper.framework; name = WebKit.framework; path = System/Library/Frameworks/WebKit.framework; sourceTree = SDKROOT; };
		26B57939167A58CD0034D295 /* NSObject+SPInvocationGrabbing.h */ = {isa = PBXFileReference; fileEncoding = 4; lastKnownFileType = sourcecode.c.h; path = "NSObject+SPInvocationGrabbing.h"; sourceTree = "<group>"; };
		26B5793A167A58CD0034D295 /* NSObject+SPInvocationGrabbing.m */ = {isa = PBXFileReference; fileEncoding = 4; lastKnownFileType = sourcecode.c.objc; path = "NSObject+SPInvocationGrabbing.m"; sourceTree = "<group>"; };
		26B5793B167A58CD0034D295 /* SPMediaKeyTap.h */ = {isa = PBXFileReference; fileEncoding = 4; lastKnownFileType = sourcecode.c.h; path = SPMediaKeyTap.h; sourceTree = "<group>"; };
		26B5793C167A58CD0034D295 /* SPMediaKeyTap.m */ = {isa = PBXFileReference; fileEncoding = 4; lastKnownFileType = sourcecode.c.objc; path = SPMediaKeyTap.m; sourceTree = "<group>"; };
		26FF30FF1680734B0091448C /* AppDelegate.h */ = {isa = PBXFileReference; fileEncoding = 4; lastKnownFileType = sourcecode.c.h; path = AppDelegate.h; sourceTree = "<group>"; };
		26FF31001680734B0091448C /* AppDelegate.m */ = {isa = PBXFileReference; fileEncoding = 4; lastKnownFileType = sourcecode.c.objc; path = AppDelegate.m; sourceTree = "<group>"; };
		26FF31021680734B0091448C /* en */ = {isa = PBXFileReference; lastKnownFileType = text.rtf; name = en; path = en.lproj/Credits.rtf; sourceTree = "<group>"; };
		26FF31041680734B0091448C /* en */ = {isa = PBXFileReference; lastKnownFileType = text.plist.strings; name = en; path = en.lproj/InfoPlist.strings; sourceTree = "<group>"; };
		26FF31061680734B0091448C /* en */ = {isa = PBXFileReference; lastKnownFileType = file.xib; name = en; path = en.lproj/MainMenu.xib; sourceTree = "<group>"; };
		26FF31071680734B0091448C /* main.m */ = {isa = PBXFileReference; fileEncoding = 4; lastKnownFileType = sourcecode.c.objc; path = main.m; sourceTree = "<group>"; };
		26FF31081680734B0091448C /* PopupController.h */ = {isa = PBXFileReference; fileEncoding = 4; lastKnownFileType = sourcecode.c.h; path = PopupController.h; sourceTree = "<group>"; };
		26FF31091680734B0091448C /* PopupController.m */ = {isa = PBXFileReference; fileEncoding = 4; lastKnownFileType = sourcecode.c.objc; path = PopupController.m; sourceTree = "<group>"; };
		26FF310A1680734B0091448C /* SoundCleod-Info.plist */ = {isa = PBXFileReference; fileEncoding = 4; lastKnownFileType = text.plist.xml; path = "SoundCleod-Info.plist"; sourceTree = "<group>"; };
		26FF310B1680734B0091448C /* SoundCleod-Prefix.pch */ = {isa = PBXFileReference; fileEncoding = 4; lastKnownFileType = sourcecode.c.h; path = "SoundCleod-Prefix.pch"; sourceTree = "<group>"; };
		3A295063175FDF560038B28C /* SCDApplication.h */ = {isa = PBXFileReference; fileEncoding = 4; lastKnownFileType = sourcecode.c.h; path = SCDApplication.h; sourceTree = "<group>"; };
		3A295064175FDF560038B28C /* SCDApplication.m */ = {isa = PBXFileReference; fileEncoding = 4; lastKnownFileType = sourcecode.c.objc; path = SCDApplication.m; sourceTree = "<group>"; };
		5DC7C72019D405D50007FE30 /* NSURL+SCUtils.h */ = {isa = PBXFileReference; fileEncoding = 4; lastKnownFileType = sourcecode.c.h; path = "NSURL+SCUtils.h"; sourceTree = "<group>"; };
		5DC7C72119D405D50007FE30 /* NSURL+SCUtils.m */ = {isa = PBXFileReference; fileEncoding = 4; lastKnownFileType = sourcecode.c.objc; path = "NSURL+SCUtils.m"; sourceTree = "<group>"; };
		DF1AA32119F64CC1008618E4 /* sound_up.h */ = {isa = PBXFileReference; fileEncoding = 4; lastKnownFileType = sourcecode.c.h; path = sound_up.h; sourceTree = "<group>"; };
		DF1AA32219F64CC1008618E4 /* sound_up.m */ = {isa = PBXFileReference; fileEncoding = 4; lastKnownFileType = sourcecode.c.objc; path = sound_up.m; sourceTree = "<group>"; };
		DF1AA32419F64CF9008618E4 /* AppleMikeyManager.h */ = {isa = PBXFileReference; fileEncoding = 4; lastKnownFileType = sourcecode.c.h; path = AppleMikeyManager.h; sourceTree = "<group>"; };
		DF1AA32519F64CF9008618E4 /* AppleMikeyManager.m */ = {isa = PBXFileReference; fileEncoding = 4; lastKnownFileType = sourcecode.c.objc; path = AppleMikeyManager.m; sourceTree = "<group>"; };
		DF1AA32719F6513C008618E4 /* IOKit.framework */ = {isa = PBXFileReference; lastKnownFileType = wrapper.framework; name = IOKit.framework; path = System/Library/Frameworks/IOKit.framework; sourceTree = SDKROOT; };
/* End PBXFileReference section */

/* Begin PBXFrameworksBuildPhase section */
		263C2B991677152500EF4792 /* Frameworks */ = {
			isa = PBXFrameworksBuildPhase;
			buildActionMask = 2147483647;
			files = (
				2618AE0116803F1900EC2E15 /* Carbon.framework in Frameworks */,
				26A0087116771DA5006FD03A /* WebKit.framework in Frameworks */,
				263C2BA11677152500EF4792 /* Cocoa.framework in Frameworks */,
				DF1AA32819F6513C008618E4 /* IOKit.framework in Frameworks */,
				2666D13717E3104A0071A8BA /* Sparkle.framework in Frameworks */,
			);
			runOnlyForDeploymentPostprocessing = 0;
		};
/* End PBXFrameworksBuildPhase section */

/* Begin PBXGroup section */
		263C2B911677152500EF4792 = {
			isa = PBXGroup;
			children = (
				26FF30FE1680734B0091448C /* SoundCleod */,
				2618AE0716806FC500EC2E15 /* soundcleod.iconset */,
				26B57925167A58CD0034D295 /* SPMediaKeyTap */,
				DF1AA32019F64CC1008618E4 /* sound_up */,
				263C2B9F1677152500EF4792 /* Frameworks */,
				263C2B9D1677152500EF4792 /* Products */,
			);
			sourceTree = "<group>";
		};
		263C2B9D1677152500EF4792 /* Products */ = {
			isa = PBXGroup;
			children = (
				263C2B9C1677152500EF4792 /* SoundCleod.app */,
			);
			name = Products;
			sourceTree = "<group>";
		};
		263C2B9F1677152500EF4792 /* Frameworks */ = {
			isa = PBXGroup;
			children = (
				DF1AA32719F6513C008618E4 /* IOKit.framework */,
				2666D13617E3104A0071A8BA /* Sparkle.framework */,
				2618AE0016803F1900EC2E15 /* Carbon.framework */,
				263C2BA01677152500EF4792 /* Cocoa.framework */,
				263C2BA21677152500EF4792 /* Other Frameworks */,
				26A0087016771DA5006FD03A /* WebKit.framework */,
			);
			name = Frameworks;
			sourceTree = "<group>";
		};
		263C2BA21677152500EF4792 /* Other Frameworks */ = {
			isa = PBXGroup;
			children = (
				263C2BA31677152500EF4792 /* AppKit.framework */,
				263C2BA41677152500EF4792 /* CoreData.framework */,
				263C2BA51677152500EF4792 /* Foundation.framework */,
			);
			name = "Other Frameworks";
			sourceTree = "<group>";
		};
		26B57925167A58CD0034D295 /* SPMediaKeyTap */ = {
			isa = PBXGroup;
			children = (
				26B57935167A58CD0034D295 /* SPInvocationGrabbing */,
				26B5793B167A58CD0034D295 /* SPMediaKeyTap.h */,
				26B5793C167A58CD0034D295 /* SPMediaKeyTap.m */,
			);
			path = SPMediaKeyTap;
			sourceTree = "<group>";
		};
		26B57935167A58CD0034D295 /* SPInvocationGrabbing */ = {
			isa = PBXGroup;
			children = (
				26B57939167A58CD0034D295 /* NSObject+SPInvocationGrabbing.h */,
				26B5793A167A58CD0034D295 /* NSObject+SPInvocationGrabbing.m */,
			);
			path = SPInvocationGrabbing;
			sourceTree = "<group>";
		};
		26FF30FE1680734B0091448C /* SoundCleod */ = {
			isa = PBXGroup;
			children = (
				2624EBA816A82B2400490144 /* AppConstants.h */,
				2624EBAB16A82EF100490144 /* AppConstants.m */,
				26FF30FF1680734B0091448C /* AppDelegate.h */,
				26FF31001680734B0091448C /* AppDelegate.m */,
				DF1AA32419F64CF9008618E4 /* AppleMikeyManager.h */,
				DF1AA32519F64CF9008618E4 /* AppleMikeyManager.m */,
				5DC7C71F19D405A00007FE30 /* Categories */,
				26FF31081680734B0091448C /* PopupController.h */,
				26FF31091680734B0091448C /* PopupController.m */,
				26FF311C168075A50091448C /* Resources */,
				2657165F1A30CC8B00BB58B8 /* Safari.h */,
				3A295063175FDF560038B28C /* SCDApplication.h */,
				3A295064175FDF560038B28C /* SCDApplication.m */,
				26FF310B1680734B0091448C /* SoundCleod-Prefix.pch */,
				2624EBA216A81FA100490144 /* UrlPromptController.h */,
				2624EBA316A81FA100490144 /* UrlPromptController.m */,
			);
			path = SoundCleod;
			sourceTree = "<group>";
		};
		26FF311C168075A50091448C /* Resources */ = {
			isa = PBXGroup;
			children = (
				26FF31011680734B0091448C /* Credits.rtf */,
				2657165D1A309CB000BB58B8 /* FlashPrompt.xib */,
				26FF31031680734B0091448C /* InfoPlist.strings */,
				2611514F168B3A0E00F1566F /* LoginWindow.xib */,
				26FF31071680734B0091448C /* main.m */,
				26FF31051680734B0091448C /* MainMenu.xib */,
				26FF310A1680734B0091448C /* SoundCleod-Info.plist */,
				2624EBA616A821B100490144 /* UrlPrompt.xib */,
			);
			name = Resources;
			sourceTree = "<group>";
		};
		5DC7C71F19D405A00007FE30 /* Categories */ = {
			isa = PBXGroup;
			children = (
				5DC7C72019D405D50007FE30 /* NSURL+SCUtils.h */,
				5DC7C72119D405D50007FE30 /* NSURL+SCUtils.m */,
			);
			name = Categories;
			sourceTree = "<group>";
		};
		DF1AA32019F64CC1008618E4 /* sound_up */ = {
			isa = PBXGroup;
			children = (
				DF1AA32119F64CC1008618E4 /* sound_up.h */,
				DF1AA32219F64CC1008618E4 /* sound_up.m */,
			);
			path = sound_up;
			sourceTree = "<group>";
		};
/* End PBXGroup section */

/* Begin PBXNativeTarget section */
		263C2B9B1677152500EF4792 /* SoundCleod */ = {
			isa = PBXNativeTarget;
			buildConfigurationList = 263C2BBA1677152500EF4792 /* Build configuration list for PBXNativeTarget "SoundCleod" */;
			buildPhases = (
				263C2B981677152500EF4792 /* Sources */,
				263C2B991677152500EF4792 /* Frameworks */,
				263C2B9A1677152500EF4792 /* Resources */,
				2666D13817E3107A0071A8BA /* CopyFiles */,
			);
			buildRules = (
			);
			dependencies = (
			);
			name = SoundCleod;
			productName = SoundCleod;
			productReference = 263C2B9C1677152500EF4792 /* SoundCleod.app */;
			productType = "com.apple.product-type.application";
		};
/* End PBXNativeTarget section */

/* Begin PBXProject section */
		263C2B931677152500EF4792 /* Project object */ = {
			isa = PBXProject;
			attributes = {
				LastUpgradeCheck = 0600;
				ORGANIZATIONNAME = "Márton Salomváry";
			};
			buildConfigurationList = 263C2B961677152500EF4792 /* Build configuration list for PBXProject "SoundCleod" */;
			compatibilityVersion = "Xcode 3.2";
			developmentRegion = English;
			hasScannedForEncodings = 0;
			knownRegions = (
				en,
				English,
			);
			mainGroup = 263C2B911677152500EF4792;
			productRefGroup = 263C2B9D1677152500EF4792 /* Products */;
			projectDirPath = "";
			projectRoot = "";
			targets = (
				263C2B9B1677152500EF4792 /* SoundCleod */,
			);
		};
/* End PBXProject section */

/* Begin PBXResourcesBuildPhase section */
		263C2B9A1677152500EF4792 /* Resources */ = {
			isa = PBXResourcesBuildPhase;
			buildActionMask = 2147483647;
			files = (
				2618AE0816806FC500EC2E15 /* soundcleod.iconset in Resources */,
				26FF310D1680734B0091448C /* Credits.rtf in Resources */,
				26FF310E1680734B0091448C /* InfoPlist.strings in Resources */,
				26FF310F1680734B0091448C /* MainMenu.xib in Resources */,
				26115150168B3A0E00F1566F /* LoginWindow.xib in Resources */,
				2624EBA716A821B100490144 /* UrlPrompt.xib in Resources */,
			);
			runOnlyForDeploymentPostprocessing = 0;
		};
/* End PBXResourcesBuildPhase section */

/* Begin PBXSourcesBuildPhase section */
		263C2B981677152500EF4792 /* Sources */ = {
			isa = PBXSourcesBuildPhase;
			buildActionMask = 2147483647;
			files = (
				26B5794C167A58CD0034D295 /* NSObject+SPInvocationGrabbing.m in Sources */,
				26B5794D167A58CD0034D295 /* SPMediaKeyTap.m in Sources */,
				26FF310C1680734B0091448C /* AppDelegate.m in Sources */,
				26FF31101680734B0091448C /* main.m in Sources */,
				26FF31111680734B0091448C /* PopupController.m in Sources */,
				2624EBA416A81FA100490144 /* UrlPromptController.m in Sources */,
				2624EBAC16A82EF100490144 /* AppConstants.m in Sources */,
				DF1AA32619F64CF9008618E4 /* AppleMikeyManager.m in Sources */,
				DF1AA32319F64CC1008618E4 /* sound_up.m in Sources */,
				3A295065175FDF560038B28C /* SCDApplication.m in Sources */,
				5DC7C72219D405D50007FE30 /* NSURL+SCUtils.m in Sources */,
			);
			runOnlyForDeploymentPostprocessing = 0;
		};
/* End PBXSourcesBuildPhase section */

/* Begin PBXVariantGroup section */
		26FF31011680734B0091448C /* Credits.rtf */ = {
			isa = PBXVariantGroup;
			children = (
				26FF31021680734B0091448C /* en */,
			);
			name = Credits.rtf;
			sourceTree = "<group>";
		};
		26FF31031680734B0091448C /* InfoPlist.strings */ = {
			isa = PBXVariantGroup;
			children = (
				26FF31041680734B0091448C /* en */,
			);
			name = InfoPlist.strings;
			sourceTree = "<group>";
		};
		26FF31051680734B0091448C /* MainMenu.xib */ = {
			isa = PBXVariantGroup;
			children = (
				26FF31061680734B0091448C /* en */,
			);
			name = MainMenu.xib;
			sourceTree = "<group>";
		};
/* End PBXVariantGroup section */

/* Begin XCBuildConfiguration section */
		263C2BB81677152500EF4792 /* Debug */ = {
			isa = XCBuildConfiguration;
			buildSettings = {
				ALWAYS_SEARCH_USER_PATHS = NO;
				CLANG_CXX_LANGUAGE_STANDARD = "gnu++0x";
				CLANG_CXX_LIBRARY = "libc++";
				CLANG_ENABLE_OBJC_ARC = YES;
				CLANG_WARN_EMPTY_BODY = YES;
				CLANG_WARN__DUPLICATE_METHOD_MATCH = YES;
				COPY_PHASE_STRIP = NO;
				GCC_C_LANGUAGE_STANDARD = gnu99;
				GCC_DYNAMIC_NO_PIC = NO;
				GCC_ENABLE_OBJC_EXCEPTIONS = YES;
				GCC_OPTIMIZATION_LEVEL = 0;
				GCC_PREPROCESSOR_DEFINITIONS = (
					"DEBUG=1",
					"$(inherited)",
				);
				GCC_SYMBOLS_PRIVATE_EXTERN = NO;
				GCC_WARN_64_TO_32_BIT_CONVERSION = YES;
				GCC_WARN_ABOUT_RETURN_TYPE = YES;
				GCC_WARN_UNINITIALIZED_AUTOS = YES;
				GCC_WARN_UNUSED_VARIABLE = YES;
				MACOSX_DEPLOYMENT_TARGET = 10.7;
				ONLY_ACTIVE_ARCH = YES;
				SDKROOT = macosx;
			};
			name = Debug;
		};
		263C2BB91677152500EF4792 /* Release */ = {
			isa = XCBuildConfiguration;
			buildSettings = {
				ALWAYS_SEARCH_USER_PATHS = NO;
				CLANG_CXX_LANGUAGE_STANDARD = "gnu++0x";
				CLANG_CXX_LIBRARY = "libc++";
				CLANG_ENABLE_OBJC_ARC = YES;
				CLANG_WARN_EMPTY_BODY = YES;
				CLANG_WARN__DUPLICATE_METHOD_MATCH = YES;
				COPY_PHASE_STRIP = YES;
				DEBUG_INFORMATION_FORMAT = "dwarf-with-dsym";
				GCC_C_LANGUAGE_STANDARD = gnu99;
				GCC_ENABLE_OBJC_EXCEPTIONS = YES;
				GCC_WARN_64_TO_32_BIT_CONVERSION = YES;
				GCC_WARN_ABOUT_RETURN_TYPE = YES;
				GCC_WARN_UNINITIALIZED_AUTOS = YES;
				GCC_WARN_UNUSED_VARIABLE = YES;
				MACOSX_DEPLOYMENT_TARGET = 10.7;
				SDKROOT = macosx;
			};
			name = Release;
		};
		263C2BBB1677152500EF4792 /* Debug */ = {
			isa = XCBuildConfiguration;
			buildSettings = {
				COMBINE_HIDPI_IMAGES = YES;
				FRAMEWORK_SEARCH_PATHS = (
					"$(inherited)",
					"\"$(SRCROOT)\"",
				);
				GCC_PRECOMPILE_PREFIX_HEADER = YES;
				GCC_PREFIX_HEADER = "SoundCleod/SoundCleod-Prefix.pch";
				INFOPLIST_FILE = "SoundCleod/SoundCleod-Info.plist";
				MACOSX_DEPLOYMENT_TARGET = 10.7;
				PRODUCT_NAME = SoundCleod;
				SDKROOT = macosx;
				WRAPPER_EXTENSION = app;
			};
			name = Debug;
		};
		263C2BBC1677152500EF4792 /* Release */ = {
			isa = XCBuildConfiguration;
			buildSettings = {
				COMBINE_HIDPI_IMAGES = YES;
				FRAMEWORK_SEARCH_PATHS = (
					"$(inherited)",
					"\"$(SRCROOT)\"",
				);
				GCC_PRECOMPILE_PREFIX_HEADER = YES;
				GCC_PREFIX_HEADER = "SoundCleod/SoundCleod-Prefix.pch";
				INFOPLIST_FILE = "SoundCleod/SoundCleod-Info.plist";
				MACOSX_DEPLOYMENT_TARGET = 10.7;
				PRODUCT_NAME = SoundCleod;
				SDKROOT = macosx;
				WRAPPER_EXTENSION = app;
			};
			name = Release;
		};
/* End XCBuildConfiguration section */

/* Begin XCConfigurationList section */
		263C2B961677152500EF4792 /* Build configuration list for PBXProject "SoundCleod" */ = {
			isa = XCConfigurationList;
			buildConfigurations = (
				263C2BB81677152500EF4792 /* Debug */,
				263C2BB91677152500EF4792 /* Release */,
			);
			defaultConfigurationIsVisible = 0;
			defaultConfigurationName = Release;
		};
		263C2BBA1677152500EF4792 /* Build configuration list for PBXNativeTarget "SoundCleod" */ = {
			isa = XCConfigurationList;
			buildConfigurations = (
				263C2BBB1677152500EF4792 /* Debug */,
				263C2BBC1677152500EF4792 /* Release */,
			);
			defaultConfigurationIsVisible = 0;
			defaultConfigurationName = Release;
		};
/* End XCConfigurationList section */
	};
	rootObject = 263C2B931677152500EF4792 /* Project object */;
}
